// !$*UTF8*$!
{
	archiveVersion = 1;
	classes = {
	};
	objectVersion = 55;
	objects = {

/* Begin PBXBuildFile section */
		7CCE7078A83F7B8C89954122 /* Pods_CocktailRecipesApp.framework in Frameworks */ = {isa = PBXBuildFile; fileRef = 25735742A56D7EA0D0EB222D /* Pods_CocktailRecipesApp.framework */; };
		F360E656289EDCB700C26D88 /* AppDelegate.swift in Sources */ = {isa = PBXBuildFile; fileRef = F360E655289EDCB700C26D88 /* AppDelegate.swift */; };
		F360E65A289EDCB700C26D88 /* SearchViewController.swift in Sources */ = {isa = PBXBuildFile; fileRef = F360E659289EDCB700C26D88 /* SearchViewController.swift */; };
		F360E660289EDCB700C26D88 /* CocktailRecipesApp.xcdatamodeld in Sources */ = {isa = PBXBuildFile; fileRef = F360E65E289EDCB700C26D88 /* CocktailRecipesApp.xcdatamodeld */; };
		F360E662289EDCB800C26D88 /* Assets.xcassets in Resources */ = {isa = PBXBuildFile; fileRef = F360E661289EDCB800C26D88 /* Assets.xcassets */; };
		F360E665289EDCB800C26D88 /* LaunchScreen.storyboard in Resources */ = {isa = PBXBuildFile; fileRef = F360E663289EDCB800C26D88 /* LaunchScreen.storyboard */; };
		F360E66E289EDD4000C26D88 /* Cocktails.swift in Sources */ = {isa = PBXBuildFile; fileRef = F360E66D289EDD4000C26D88 /* Cocktails.swift */; };
		F360E671289EDDC700C26D88 /* NetworkManager.swift in Sources */ = {isa = PBXBuildFile; fileRef = F360E670289EDDC700C26D88 /* NetworkManager.swift */; };
		F360E673289EDDD700C26D88 /* ImageManager.swift in Sources */ = {isa = PBXBuildFile; fileRef = F360E672289EDDD700C26D88 /* ImageManager.swift */; };
		F360E675289EDDE200C26D88 /* StorageManager.swift in Sources */ = {isa = PBXBuildFile; fileRef = F360E674289EDDE200C26D88 /* StorageManager.swift */; };
		F360E67928A69E3E00C26D88 /* CocktailViewCell.swift in Sources */ = {isa = PBXBuildFile; fileRef = F360E67828A69E3E00C26D88 /* CocktailViewCell.swift */; };
/* End PBXBuildFile section */

/* Begin PBXFileReference section */
		25735742A56D7EA0D0EB222D /* Pods_CocktailRecipesApp.framework */ = {isa = PBXFileReference; explicitFileType = wrapper.framework; includeInIndex = 0; path = Pods_CocktailRecipesApp.framework; sourceTree = BUILT_PRODUCTS_DIR; };
		A27EDFB8B8C5E3A686489BFE /* Pods-CocktailRecipesApp.debug.xcconfig */ = {isa = PBXFileReference; includeInIndex = 1; lastKnownFileType = text.xcconfig; name = "Pods-CocktailRecipesApp.debug.xcconfig"; path = "Target Support Files/Pods-CocktailRecipesApp/Pods-CocktailRecipesApp.debug.xcconfig"; sourceTree = "<group>"; };
		B93C68F409297291538F60A0 /* Pods-CocktailRecipesApp.release.xcconfig */ = {isa = PBXFileReference; includeInIndex = 1; lastKnownFileType = text.xcconfig; name = "Pods-CocktailRecipesApp.release.xcconfig"; path = "Target Support Files/Pods-CocktailRecipesApp/Pods-CocktailRecipesApp.release.xcconfig"; sourceTree = "<group>"; };
		F360E652289EDCB700C26D88 /* CocktailRecipesApp.app */ = {isa = PBXFileReference; explicitFileType = wrapper.application; includeInIndex = 0; path = CocktailRecipesApp.app; sourceTree = BUILT_PRODUCTS_DIR; };
		F360E655289EDCB700C26D88 /* AppDelegate.swift */ = {isa = PBXFileReference; lastKnownFileType = sourcecode.swift; path = AppDelegate.swift; sourceTree = "<group>"; };
		F360E659289EDCB700C26D88 /* SearchViewController.swift */ = {isa = PBXFileReference; lastKnownFileType = sourcecode.swift; path = SearchViewController.swift; sourceTree = "<group>"; };
		F360E65F289EDCB700C26D88 /* CocktailRecipesApp.xcdatamodel */ = {isa = PBXFileReference; lastKnownFileType = wrapper.xcdatamodel; path = CocktailRecipesApp.xcdatamodel; sourceTree = "<group>"; };
		F360E661289EDCB800C26D88 /* Assets.xcassets */ = {isa = PBXFileReference; lastKnownFileType = folder.assetcatalog; path = Assets.xcassets; sourceTree = "<group>"; };
		F360E664289EDCB800C26D88 /* Base */ = {isa = PBXFileReference; lastKnownFileType = file.storyboard; name = Base; path = Base.lproj/LaunchScreen.storyboard; sourceTree = "<group>"; };
		F360E666289EDCB800C26D88 /* Info.plist */ = {isa = PBXFileReference; lastKnownFileType = text.plist.xml; path = Info.plist; sourceTree = "<group>"; };
		F360E66D289EDD4000C26D88 /* Cocktails.swift */ = {isa = PBXFileReference; lastKnownFileType = sourcecode.swift; path = Cocktails.swift; sourceTree = "<group>"; };
		F360E670289EDDC700C26D88 /* NetworkManager.swift */ = {isa = PBXFileReference; lastKnownFileType = sourcecode.swift; path = NetworkManager.swift; sourceTree = "<group>"; };
		F360E672289EDDD700C26D88 /* ImageManager.swift */ = {isa = PBXFileReference; lastKnownFileType = sourcecode.swift; path = ImageManager.swift; sourceTree = "<group>"; };
		F360E674289EDDE200C26D88 /* StorageManager.swift */ = {isa = PBXFileReference; lastKnownFileType = sourcecode.swift; path = StorageManager.swift; sourceTree = "<group>"; };
		F360E67828A69E3E00C26D88 /* CocktailViewCell.swift */ = {isa = PBXFileReference; lastKnownFileType = sourcecode.swift; path = CocktailViewCell.swift; sourceTree = "<group>"; };
/* End PBXFileReference section */

/* Begin PBXFrameworksBuildPhase section */
		F360E64F289EDCB700C26D88 /* Frameworks */ = {
			isa = PBXFrameworksBuildPhase;
			buildActionMask = 2147483647;
			files = (
				7CCE7078A83F7B8C89954122 /* Pods_CocktailRecipesApp.framework in Frameworks */,
			);
			runOnlyForDeploymentPostprocessing = 0;
		};
/* End PBXFrameworksBuildPhase section */

/* Begin PBXGroup section */
		7997945049C21B655878EC33 /* Pods */ = {
			isa = PBXGroup;
			children = (
				A27EDFB8B8C5E3A686489BFE /* Pods-CocktailRecipesApp.debug.xcconfig */,
				B93C68F409297291538F60A0 /* Pods-CocktailRecipesApp.release.xcconfig */,
			);
			path = Pods;
			sourceTree = "<group>";
		};
		A24F9C0B2579EA9B4D77D17A /* Frameworks */ = {
			isa = PBXGroup;
			children = (
				25735742A56D7EA0D0EB222D /* Pods_CocktailRecipesApp.framework */,
			);
			name = Frameworks;
			sourceTree = "<group>";
		};
		F360E649289EDCB700C26D88 = {
			isa = PBXGroup;
			children = (
				F360E654289EDCB700C26D88 /* CocktailRecipesApp */,
				F360E653289EDCB700C26D88 /* Products */,
				7997945049C21B655878EC33 /* Pods */,
				A24F9C0B2579EA9B4D77D17A /* Frameworks */,
			);
			sourceTree = "<group>";
		};
		F360E653289EDCB700C26D88 /* Products */ = {
			isa = PBXGroup;
			children = (
				F360E652289EDCB700C26D88 /* CocktailRecipesApp.app */,
			);
			name = Products;
			sourceTree = "<group>";
		};
		F360E654289EDCB700C26D88 /* CocktailRecipesApp */ = {
			isa = PBXGroup;
			children = (
				F360E66F289EDDB000C26D88 /* Services */,
				F360E66C289EDD2B00C26D88 /* Model */,
				F360E655289EDCB700C26D88 /* AppDelegate.swift */,
				F360E67728A6808800C26D88 /* ViewControllers */,
				F360E67A28A69E4200C26D88 /* Views */,
				F360E661289EDCB800C26D88 /* Assets.xcassets */,
				F360E663289EDCB800C26D88 /* LaunchScreen.storyboard */,
				F360E666289EDCB800C26D88 /* Info.plist */,
				F360E65E289EDCB700C26D88 /* CocktailRecipesApp.xcdatamodeld */,
			);
			path = CocktailRecipesApp;
			sourceTree = "<group>";
		};
		F360E66C289EDD2B00C26D88 /* Model */ = {
			isa = PBXGroup;
			children = (
				F360E66D289EDD4000C26D88 /* Cocktails.swift */,
			);
			path = Model;
			sourceTree = "<group>";
		};
		F360E66F289EDDB000C26D88 /* Services */ = {
			isa = PBXGroup;
			children = (
				F360E670289EDDC700C26D88 /* NetworkManager.swift */,
				F360E672289EDDD700C26D88 /* ImageManager.swift */,
				F360E674289EDDE200C26D88 /* StorageManager.swift */,
			);
			path = Services;
			sourceTree = "<group>";
		};
		F360E67728A6808800C26D88 /* ViewControllers */ = {
			isa = PBXGroup;
			children = (
				F360E659289EDCB700C26D88 /* SearchViewController.swift */,
			);
			path = ViewControllers;
			sourceTree = "<group>";
		};
		F360E67A28A69E4200C26D88 /* Views */ = {
			isa = PBXGroup;
			children = (
				F360E67828A69E3E00C26D88 /* CocktailViewCell.swift */,
			);
			path = Views;
			sourceTree = "<group>";
		};
/* End PBXGroup section */

/* Begin PBXNativeTarget section */
		F360E651289EDCB700C26D88 /* CocktailRecipesApp */ = {
			isa = PBXNativeTarget;
			buildConfigurationList = F360E669289EDCB800C26D88 /* Build configuration list for PBXNativeTarget "CocktailRecipesApp" */;
			buildPhases = (
				1BA6D0B3DBDAC971A8EC9AB4 /* [CP] Check Pods Manifest.lock */,
				F360E64E289EDCB700C26D88 /* Sources */,
				F360E64F289EDCB700C26D88 /* Frameworks */,
				F360E650289EDCB700C26D88 /* Resources */,
				1E318CAB07B3F357FEDCE4E3 /* [CP] Embed Pods Frameworks */,
			);
			buildRules = (
			);
			dependencies = (
			);
			name = CocktailRecipesApp;
			productName = CocktailRecipesApp;
			productReference = F360E652289EDCB700C26D88 /* CocktailRecipesApp.app */;
			productType = "com.apple.product-type.application";
		};
/* End PBXNativeTarget section */

/* Begin PBXProject section */
		F360E64A289EDCB700C26D88 /* Project object */ = {
			isa = PBXProject;
			attributes = {
				BuildIndependentTargetsInParallel = 1;
				LastSwiftUpdateCheck = 1340;
				LastUpgradeCheck = 1340;
				TargetAttributes = {
					F360E651289EDCB700C26D88 = {
						CreatedOnToolsVersion = 13.4.1;
					};
				};
			};
			buildConfigurationList = F360E64D289EDCB700C26D88 /* Build configuration list for PBXProject "CocktailRecipesApp" */;
			compatibilityVersion = "Xcode 13.0";
			developmentRegion = en;
			hasScannedForEncodings = 0;
			knownRegions = (
				en,
				Base,
			);
			mainGroup = F360E649289EDCB700C26D88;
			productRefGroup = F360E653289EDCB700C26D88 /* Products */;
			projectDirPath = "";
			projectRoot = "";
			targets = (
				F360E651289EDCB700C26D88 /* CocktailRecipesApp */,
			);
		};
/* End PBXProject section */

/* Begin PBXResourcesBuildPhase section */
		F360E650289EDCB700C26D88 /* Resources */ = {
			isa = PBXResourcesBuildPhase;
			buildActionMask = 2147483647;
			files = (
				F360E665289EDCB800C26D88 /* LaunchScreen.storyboard in Resources */,
				F360E662289EDCB800C26D88 /* Assets.xcassets in Resources */,
			);
			runOnlyForDeploymentPostprocessing = 0;
		};
/* End PBXResourcesBuildPhase section */

/* Begin PBXShellScriptBuildPhase section */
		1BA6D0B3DBDAC971A8EC9AB4 /* [CP] Check Pods Manifest.lock */ = {
			isa = PBXShellScriptBuildPhase;
			buildActionMask = 2147483647;
			files = (
			);
			inputFileListPaths = (
			);
			inputPaths = (
				"${PODS_PODFILE_DIR_PATH}/Podfile.lock",
				"${PODS_ROOT}/Manifest.lock",
			);
			name = "[CP] Check Pods Manifest.lock";
			outputFileListPaths = (
			);
			outputPaths = (
				"$(DERIVED_FILE_DIR)/Pods-CocktailRecipesApp-checkManifestLockResult.txt",
			);
			runOnlyForDeploymentPostprocessing = 0;
			shellPath = /bin/sh;
			shellScript = "diff \"${PODS_PODFILE_DIR_PATH}/Podfile.lock\" \"${PODS_ROOT}/Manifest.lock\" > /dev/null\nif [ $? != 0 ] ; then\n    # print error to STDERR\n    echo \"error: The sandbox is not in sync with the Podfile.lock. Run 'pod install' or update your CocoaPods installation.\" >&2\n    exit 1\nfi\n# This output is used by Xcode 'outputs' to avoid re-running this script phase.\necho \"SUCCESS\" > \"${SCRIPT_OUTPUT_FILE_0}\"\n";
			showEnvVarsInLog = 0;
		};
		1E318CAB07B3F357FEDCE4E3 /* [CP] Embed Pods Frameworks */ = {
			isa = PBXShellScriptBuildPhase;
			buildActionMask = 2147483647;
			files = (
			);
			inputFileListPaths = (
				"${PODS_ROOT}/Target Support Files/Pods-CocktailRecipesApp/Pods-CocktailRecipesApp-frameworks-${CONFIGURATION}-input-files.xcfilelist",
			);
			name = "[CP] Embed Pods Frameworks";
			outputFileListPaths = (
				"${PODS_ROOT}/Target Support Files/Pods-CocktailRecipesApp/Pods-CocktailRecipesApp-frameworks-${CONFIGURATION}-output-files.xcfilelist",
			);
			runOnlyForDeploymentPostprocessing = 0;
			shellPath = /bin/sh;
			shellScript = "\"${PODS_ROOT}/Target Support Files/Pods-CocktailRecipesApp/Pods-CocktailRecipesApp-frameworks.sh\"\n";
			showEnvVarsInLog = 0;
		};
/* End PBXShellScriptBuildPhase section */

/* Begin PBXSourcesBuildPhase section */
		F360E64E289EDCB700C26D88 /* Sources */ = {
			isa = PBXSourcesBuildPhase;
			buildActionMask = 2147483647;
			files = (
				F360E671289EDDC700C26D88 /* NetworkManager.swift in Sources */,
				F360E65A289EDCB700C26D88 /* SearchViewController.swift in Sources */,
				F360E673289EDDD700C26D88 /* ImageManager.swift in Sources */,
				F360E660289EDCB700C26D88 /* CocktailRecipesApp.xcdatamodeld in Sources */,
				F360E66E289EDD4000C26D88 /* Cocktails.swift in Sources */,
				F360E656289EDCB700C26D88 /* AppDelegate.swift in Sources */,
				F360E67928A69E3E00C26D88 /* CocktailViewCell.swift in Sources */,
				F360E675289EDDE200C26D88 /* StorageManager.swift in Sources */,
			);
			runOnlyForDeploymentPostprocessing = 0;
		};
/* End PBXSourcesBuildPhase section */

/* Begin PBXVariantGroup section */
		F360E663289EDCB800C26D88 /* LaunchScreen.storyboard */ = {
			isa = PBXVariantGroup;
			children = (
				F360E664289EDCB800C26D88 /* Base */,
			);
			name = LaunchScreen.storyboard;
			sourceTree = "<group>";
		};
/* End PBXVariantGroup section */

/* Begin XCBuildConfiguration section */
		F360E667289EDCB800C26D88 /* Debug */ = {
			isa = XCBuildConfiguration;
			buildSettings = {
				ALWAYS_SEARCH_USER_PATHS = NO;
				CLANG_ANALYZER_NONNULL = YES;
				CLANG_ANALYZER_NUMBER_OBJECT_CONVERSION = YES_AGGRESSIVE;
				CLANG_CXX_LANGUAGE_STANDARD = "gnu++17";
				CLANG_ENABLE_MODULES = YES;
				CLANG_ENABLE_OBJC_ARC = YES;
				CLANG_ENABLE_OBJC_WEAK = YES;
				CLANG_WARN_BLOCK_CAPTURE_AUTORELEASING = YES;
				CLANG_WARN_BOOL_CONVERSION = YES;
				CLANG_WARN_COMMA = YES;
				CLANG_WARN_CONSTANT_CONVERSION = YES;
				CLANG_WARN_DEPRECATED_OBJC_IMPLEMENTATIONS = YES;
				CLANG_WARN_DIRECT_OBJC_ISA_USAGE = YES_ERROR;
				CLANG_WARN_DOCUMENTATION_COMMENTS = YES;
				CLANG_WARN_EMPTY_BODY = YES;
				CLANG_WARN_ENUM_CONVERSION = YES;
				CLANG_WARN_INFINITE_RECURSION = YES;
				CLANG_WARN_INT_CONVERSION = YES;
				CLANG_WARN_NON_LITERAL_NULL_CONVERSION = YES;
				CLANG_WARN_OBJC_IMPLICIT_RETAIN_SELF = YES;
				CLANG_WARN_OBJC_LITERAL_CONVERSION = YES;
				CLANG_WARN_OBJC_ROOT_CLASS = YES_ERROR;
				CLANG_WARN_QUOTED_INCLUDE_IN_FRAMEWORK_HEADER = YES;
				CLANG_WARN_RANGE_LOOP_ANALYSIS = YES;
				CLANG_WARN_STRICT_PROTOTYPES = YES;
				CLANG_WARN_SUSPICIOUS_MOVE = YES;
				CLANG_WARN_UNGUARDED_AVAILABILITY = YES_AGGRESSIVE;
				CLANG_WARN_UNREACHABLE_CODE = YES;
				CLANG_WARN__DUPLICATE_METHOD_MATCH = YES;
				COPY_PHASE_STRIP = NO;
				DEBUG_INFORMATION_FORMAT = dwarf;
				ENABLE_STRICT_OBJC_MSGSEND = YES;
				ENABLE_TESTABILITY = YES;
				GCC_C_LANGUAGE_STANDARD = gnu11;
				GCC_DYNAMIC_NO_PIC = NO;
				GCC_NO_COMMON_BLOCKS = YES;
				GCC_OPTIMIZATION_LEVEL = 0;
				GCC_PREPROCESSOR_DEFINITIONS = (
					"DEBUG=1",
					"$(inherited)",
				);
				GCC_WARN_64_TO_32_BIT_CONVERSION = YES;
				GCC_WARN_ABOUT_RETURN_TYPE = YES_ERROR;
				GCC_WARN_UNDECLARED_SELECTOR = YES;
				GCC_WARN_UNINITIALIZED_AUTOS = YES_AGGRESSIVE;
				GCC_WARN_UNUSED_FUNCTION = YES;
				GCC_WARN_UNUSED_VARIABLE = YES;
				IPHONEOS_DEPLOYMENT_TARGET = 15.5;
				MTL_ENABLE_DEBUG_INFO = INCLUDE_SOURCE;
				MTL_FAST_MATH = YES;
				ONLY_ACTIVE_ARCH = YES;
				SDKROOT = iphoneos;
				SWIFT_ACTIVE_COMPILATION_CONDITIONS = DEBUG;
				SWIFT_OPTIMIZATION_LEVEL = "-Onone";
			};
			name = Debug;
		};
		F360E668289EDCB800C26D88 /* Release */ = {
			isa = XCBuildConfiguration;
			buildSettings = {
				ALWAYS_SEARCH_USER_PATHS = NO;
				CLANG_ANALYZER_NONNULL = YES;
				CLANG_ANALYZER_NUMBER_OBJECT_CONVERSION = YES_AGGRESSIVE;
				CLANG_CXX_LANGUAGE_STANDARD = "gnu++17";
				CLANG_ENABLE_MODULES = YES;
				CLANG_ENABLE_OBJC_ARC = YES;
				CLANG_ENABLE_OBJC_WEAK = YES;
				CLANG_WARN_BLOCK_CAPTURE_AUTORELEASING = YES;
				CLANG_WARN_BOOL_CONVERSION = YES;
				CLANG_WARN_COMMA = YES;
				CLANG_WARN_CONSTANT_CONVERSION = YES;
				CLANG_WARN_DEPRECATED_OBJC_IMPLEMENTATIONS = YES;
				CLANG_WARN_DIRECT_OBJC_ISA_USAGE = YES_ERROR;
				CLANG_WARN_DOCUMENTATION_COMMENTS = YES;
				CLANG_WARN_EMPTY_BODY = YES;
				CLANG_WARN_ENUM_CONVERSION = YES;
				CLANG_WARN_INFINITE_RECURSION = YES;
				CLANG_WARN_INT_CONVERSION = YES;
				CLANG_WARN_NON_LITERAL_NULL_CONVERSION = YES;
				CLANG_WARN_OBJC_IMPLICIT_RETAIN_SELF = YES;
				CLANG_WARN_OBJC_LITERAL_CONVERSION = YES;
				CLANG_WARN_OBJC_ROOT_CLASS = YES_ERROR;
				CLANG_WARN_QUOTED_INCLUDE_IN_FRAMEWORK_HEADER = YES;
				CLANG_WARN_RANGE_LOOP_ANALYSIS = YES;
				CLANG_WARN_STRICT_PROTOTYPES = YES;
				CLANG_WARN_SUSPICIOUS_MOVE = YES;
				CLANG_WARN_UNGUARDED_AVAILABILITY = YES_AGGRESSIVE;
				CLANG_WARN_UNREACHABLE_CODE = YES;
				CLANG_WARN__DUPLICATE_METHOD_MATCH = YES;
				COPY_PHASE_STRIP = NO;
				DEBUG_INFORMATION_FORMAT = "dwarf-with-dsym";
				ENABLE_NS_ASSERTIONS = NO;
				ENABLE_STRICT_OBJC_MSGSEND = YES;
				GCC_C_LANGUAGE_STANDARD = gnu11;
				GCC_NO_COMMON_BLOCKS = YES;
				GCC_WARN_64_TO_32_BIT_CONVERSION = YES;
				GCC_WARN_ABOUT_RETURN_TYPE = YES_ERROR;
				GCC_WARN_UNDECLARED_SELECTOR = YES;
				GCC_WARN_UNINITIALIZED_AUTOS = YES_AGGRESSIVE;
				GCC_WARN_UNUSED_FUNCTION = YES;
				GCC_WARN_UNUSED_VARIABLE = YES;
				IPHONEOS_DEPLOYMENT_TARGET = 15.5;
				MTL_ENABLE_DEBUG_INFO = NO;
				MTL_FAST_MATH = YES;
				SDKROOT = iphoneos;
				SWIFT_COMPILATION_MODE = wholemodule;
				SWIFT_OPTIMIZATION_LEVEL = "-O";
				VALIDATE_PRODUCT = YES;
			};
			name = Release;
		};
		F360E66A289EDCB800C26D88 /* Debug */ = {
			isa = XCBuildConfiguration;
			baseConfigurationReference = A27EDFB8B8C5E3A686489BFE /* Pods-CocktailRecipesApp.debug.xcconfig */;
			buildSettings = {
				ASSETCATALOG_COMPILER_APPICON_NAME = AppIcon;
				ASSETCATALOG_COMPILER_GLOBAL_ACCENT_COLOR_NAME = AccentColor;
				CODE_SIGN_STYLE = Automatic;
				CURRENT_PROJECT_VERSION = 1;
				DEVELOPMENT_TEAM = NPAYPRDTKS;
				GENERATE_INFOPLIST_FILE = YES;
				INFOPLIST_FILE = CocktailRecipesApp/Info.plist;
				INFOPLIST_KEY_UIApplicationSupportsIndirectInputEvents = YES;
				INFOPLIST_KEY_UILaunchStoryboardName = LaunchScreen;
				INFOPLIST_KEY_UISupportedInterfaceOrientations_iPad = "UIInterfaceOrientationPortrait UIInterfaceOrientationPortraitUpsideDown UIInterfaceOrientationLandscapeLeft UIInterfaceOrientationLandscapeRight";
				INFOPLIST_KEY_UISupportedInterfaceOrientations_iPhone = "UIInterfaceOrientationPortrait UIInterfaceOrientationLandscapeLeft UIInterfaceOrientationLandscapeRight";
				LD_RUNPATH_SEARCH_PATHS = (
					"$(inherited)",
					"@executable_path/Frameworks",
				);
				MARKETING_VERSION = 1.0;
				PRODUCT_BUNDLE_IDENTIFIER = SakhbievArtur.CocktailRecipesApp;
				PRODUCT_NAME = "$(TARGET_NAME)";
				SWIFT_EMIT_LOC_STRINGS = YES;
				SWIFT_VERSION = 5.0;
				TARGETED_DEVICE_FAMILY = 1;
			};
			name = Debug;
		};
		F360E66B289EDCB800C26D88 /* Release */ = {
			isa = XCBuildConfiguration;
			baseConfigurationReference = B93C68F409297291538F60A0 /* Pods-CocktailRecipesApp.release.xcconfig */;
			buildSettings = {
				ASSETCATALOG_COMPILER_APPICON_NAME = AppIcon;
				ASSETCATALOG_COMPILER_GLOBAL_ACCENT_COLOR_NAME = AccentColor;
				CODE_SIGN_STYLE = Automatic;
				CURRENT_PROJECT_VERSION = 1;
				DEVELOPMENT_TEAM = NPAYPRDTKS;
				GENERATE_INFOPLIST_FILE = YES;
				INFOPLIST_FILE = CocktailRecipesApp/Info.plist;
				INFOPLIST_KEY_UIApplicationSupportsIndirectInputEvents = YES;
				INFOPLIST_KEY_UILaunchStoryboardName = LaunchScreen;
				INFOPLIST_KEY_UISupportedInterfaceOrientations_iPad = "UIInterfaceOrientationPortrait UIInterfaceOrientationPortraitUpsideDown UIInterfaceOrientationLandscapeLeft UIInterfaceOrientationLandscapeRight";
				INFOPLIST_KEY_UISupportedInterfaceOrientations_iPhone = "UIInterfaceOrientationPortrait UIInterfaceOrientationLandscapeLeft UIInterfaceOrientationLandscapeRight";
				LD_RUNPATH_SEARCH_PATHS = (
					"$(inherited)",
					"@executable_path/Frameworks",
				);
				MARKETING_VERSION = 1.0;
				PRODUCT_BUNDLE_IDENTIFIER = SakhbievArtur.CocktailRecipesApp;
				PRODUCT_NAME = "$(TARGET_NAME)";
				SWIFT_EMIT_LOC_STRINGS = YES;
				SWIFT_VERSION = 5.0;
				TARGETED_DEVICE_FAMILY = 1;
			};
			name = Release;
		};
/* End XCBuildConfiguration section */

/* Begin XCConfigurationList section */
		F360E64D289EDCB700C26D88 /* Build configuration list for PBXProject "CocktailRecipesApp" */ = {
			isa = XCConfigurationList;
			buildConfigurations = (
				F360E667289EDCB800C26D88 /* Debug */,
				F360E668289EDCB800C26D88 /* Release */,
			);
			defaultConfigurationIsVisible = 0;
			defaultConfigurationName = Release;
		};
		F360E669289EDCB800C26D88 /* Build configuration list for PBXNativeTarget "CocktailRecipesApp" */ = {
			isa = XCConfigurationList;
			buildConfigurations = (
				F360E66A289EDCB800C26D88 /* Debug */,
				F360E66B289EDCB800C26D88 /* Release */,
			);
			defaultConfigurationIsVisible = 0;
			defaultConfigurationName = Release;
		};
/* End XCConfigurationList section */

/* Begin XCVersionGroup section */
		F360E65E289EDCB700C26D88 /* CocktailRecipesApp.xcdatamodeld */ = {
			isa = XCVersionGroup;
			children = (
				F360E65F289EDCB700C26D88 /* CocktailRecipesApp.xcdatamodel */,
			);
			currentVersion = F360E65F289EDCB700C26D88 /* CocktailRecipesApp.xcdatamodel */;
			path = CocktailRecipesApp.xcdatamodeld;
			sourceTree = "<group>";
			versionGroupType = wrapper.xcdatamodel;
		};
/* End XCVersionGroup section */
	};
	rootObject = F360E64A289EDCB700C26D88 /* Project object */;
}
